
Microsoft Visual Studio Solution File, Format Version 12.00
# Visual Studio Version 16
VisualStudioVersion = 16.0.30907.101
MinimumVisualStudioVersion = 10.0.40219.1
Project("{FAE04EC0-301F-11D3-BF4B-00C04F79EFBC}") = "Task1", "Task1\Task1.csproj", "{16B46AAB-1007-4D69-9861-028193B4CB38}"
EndProject
Project("{FAE04EC0-301F-11D3-BF4B-00C04F79EFBC}") = "Task2", "Task2\Task2.csproj", "{77257392-BF94-4927-AA94-4FB17B45AA29}"
EndProject
Project("{FAE04EC0-301F-11D3-BF4B-00C04F79EFBC}") = "Task3", "Task3\Task3.csproj", "{4251B884-B798-49B7-A8C3-48CB2E4DB344}"
EndProject
Global
	GlobalSection(SolutionConfigurationPlatforms) = preSolution
		Debug|Any CPU = Debug|Any CPU
		Release|Any CPU = Release|Any CPU
	EndGlobalSection
	GlobalSection(ProjectConfigurationPlatforms) = postSolution
		{16B46AAB-1007-4D69-9861-028193B4CB38}.Debug|Any CPU.ActiveCfg = Debug|Any CPU
		{16B46AAB-1007-4D69-9861-028193B4CB38}.Debug|Any CPU.Build.0 = Debug|Any CPU
		{16B46AAB-1007-4D69-9861-028193B4CB38}.Release|Any CPU.ActiveCfg = Release|Any CPU
		{16B46AAB-1007-4D69-9861-028193B4CB38}.Release|Any CPU.Build.0 = Release|Any CPU
		{77257392-BF94-4927-AA94-4FB17B45AA29}.Debug|Any CPU.ActiveCfg = Debug|Any CPU
		{77257392-BF94-4927-AA94-4FB17B45AA29}.Debug|Any CPU.Build.0 = Debug|Any CPU
		{77257392-BF94-4927-AA94-4FB17B45AA29}.Release|Any CPU.ActiveCfg = Release|Any CPU
		{77257392-BF94-4927-AA94-4FB17B45AA29}.Release|Any CPU.Build.0 = Release|Any CPU
		{4251B884-B798-49B7-A8C3-48CB2E4DB344}.Debug|Any CPU.ActiveCfg = Debug|Any CPU
		{4251B884-B798-49B7-A8C3-48CB2E4DB344}.Debug|Any CPU.Build.0 = Debug|Any CPU
		{4251B884-B798-49B7-A8C3-48CB2E4DB344}.Release|Any CPU.ActiveCfg = Release|Any CPU
		{4251B884-B798-49B7-A8C3-48CB2E4DB344}.Release|Any CPU.Build.0 = Release|Any CPU
	EndGlobalSection
	GlobalSection(SolutionProperties) = preSolution
		HideSolutionNode = FALSE
	EndGlobalSection
	GlobalSection(ExtensibilityGlobals) = postSolution
		SolutionGuid = {157988AD-2CA6-4EFB-B7CE-3A1D46A821BE}
	EndGlobalSection
EndGlobal
